// !$*UTF8*$!
{
	archiveVersion = 1;
	classes = {
	};
	objectVersion = 50;
	objects = {

/* Begin PBXBuildFile section */
		565E945324FCFA93005689A6 /* AppDelegate.swift in Sources */ = {isa = PBXBuildFile; fileRef = 565E945224FCFA93005689A6 /* AppDelegate.swift */; };
		565E945524FCFA93005689A6 /* SceneDelegate.swift in Sources */ = {isa = PBXBuildFile; fileRef = 565E945424FCFA93005689A6 /* SceneDelegate.swift */; };
		565E945724FCFA93005689A6 /* ViewController.swift in Sources */ = {isa = PBXBuildFile; fileRef = 565E945624FCFA93005689A6 /* ViewController.swift */; };
		565E945A24FCFA93005689A6 /* Main.storyboard in Resources */ = {isa = PBXBuildFile; fileRef = 565E945824FCFA93005689A6 /* Main.storyboard */; };
		565E945C24FCFA97005689A6 /* Assets.xcassets in Resources */ = {isa = PBXBuildFile; fileRef = 565E945B24FCFA97005689A6 /* Assets.xcassets */; };
		565E945F24FCFA97005689A6 /* LaunchScreen.storyboard in Resources */ = {isa = PBXBuildFile; fileRef = 565E945D24FCFA97005689A6 /* LaunchScreen.storyboard */; };
		565E946A24FCFA97005689A6 /* tipTests.swift in Sources */ = {isa = PBXBuildFile; fileRef = 565E946924FCFA97005689A6 /* tipTests.swift */; };
		565E947524FCFA97005689A6 /* tipUITests.swift in Sources */ = {isa = PBXBuildFile; fileRef = 565E947424FCFA97005689A6 /* tipUITests.swift */; };
/* End PBXBuildFile section */

/* Begin PBXContainerItemProxy section */
		565E946624FCFA97005689A6 /* PBXContainerItemProxy */ = {
			isa = PBXContainerItemProxy;
			containerPortal = 565E944724FCFA93005689A6 /* Project object */;
			proxyType = 1;
			remoteGlobalIDString = 565E944E24FCFA93005689A6;
			remoteInfo = tip;
		};
		565E947124FCFA97005689A6 /* PBXContainerItemProxy */ = {
			isa = PBXContainerItemProxy;
			containerPortal = 565E944724FCFA93005689A6 /* Project object */;
			proxyType = 1;
			remoteGlobalIDString = 565E944E24FCFA93005689A6;
			remoteInfo = tip;
		};
/* End PBXContainerItemProxy section */

/* Begin PBXFileReference section */
		565E944F24FCFA93005689A6 /* tip.app */ = {isa = PBXFileReference; explicitFileType = wrapper.application; includeInIndex = 0; path = tip.app; sourceTree = BUILT_PRODUCTS_DIR; };
		565E945224FCFA93005689A6 /* AppDelegate.swift */ = {isa = PBXFileReference; lastKnownFileType = sourcecode.swift; path = AppDelegate.swift; sourceTree = "<group>"; };
		565E945424FCFA93005689A6 /* SceneDelegate.swift */ = {isa = PBXFileReference; lastKnownFileType = sourcecode.swift; path = SceneDelegate.swift; sourceTree = "<group>"; };
		565E945624FCFA93005689A6 /* ViewController.swift */ = {isa = PBXFileReference; lastKnownFileType = sourcecode.swift; path = ViewController.swift; sourceTree = "<group>"; };
		565E945924FCFA93005689A6 /* Base */ = {isa = PBXFileReference; lastKnownFileType = file.storyboard; name = Base; path = Base.lproj/Main.storyboard; sourceTree = "<group>"; };
		565E945B24FCFA97005689A6 /* Assets.xcassets */ = {isa = PBXFileReference; lastKnownFileType = folder.assetcatalog; path = Assets.xcassets; sourceTree = "<group>"; };
		565E945E24FCFA97005689A6 /* Base */ = {isa = PBXFileReference; lastKnownFileType = file.storyboard; name = Base; path = Base.lproj/LaunchScreen.storyboard; sourceTree = "<group>"; };
		565E946024FCFA97005689A6 /* Info.plist */ = {isa = PBXFileReference; lastKnownFileType = text.plist.xml; path = Info.plist; sourceTree = "<group>"; };
		565E946524FCFA97005689A6 /* tipTests.xctest */ = {isa = PBXFileReference; explicitFileType = wrapper.cfbundle; includeInIndex = 0; path = tipTests.xctest; sourceTree = BUILT_PRODUCTS_DIR; };
		565E946924FCFA97005689A6 /* tipTests.swift */ = {isa = PBXFileReference; lastKnownFileType = sourcecode.swift; path = tipTests.swift; sourceTree = "<group>"; };
		565E946B24FCFA97005689A6 /* Info.plist */ = {isa = PBXFileReference; lastKnownFileType = text.plist.xml; path = Info.plist; sourceTree = "<group>"; };
		565E947024FCFA97005689A6 /* tipUITests.xctest */ = {isa = PBXFileReference; explicitFileType = wrapper.cfbundle; includeInIndex = 0; path = tipUITests.xctest; sourceTree = BUILT_PRODUCTS_DIR; };
		565E947424FCFA97005689A6 /* tipUITests.swift */ = {isa = PBXFileReference; lastKnownFileType = sourcecode.swift; path = tipUITests.swift; sourceTree = "<group>"; };
		565E947624FCFA97005689A6 /* Info.plist */ = {isa = PBXFileReference; lastKnownFileType = text.plist.xml; path = Info.plist; sourceTree = "<group>"; };
/* End PBXFileReference section */

/* Begin PBXFrameworksBuildPhase section */
		565E944C24FCFA93005689A6 /* Frameworks */ = {
			isa = PBXFrameworksBuildPhase;
			buildActionMask = 2147483647;
			files = (
			);
			runOnlyForDeploymentPostprocessing = 0;
		};
		565E946224FCFA97005689A6 /* Frameworks */ = {
			isa = PBXFrameworksBuildPhase;
			buildActionMask = 2147483647;
			files = (
			);
			runOnlyForDeploymentPostprocessing = 0;
		};
		565E946D24FCFA97005689A6 /* Frameworks */ = {
			isa = PBXFrameworksBuildPhase;
			buildActionMask = 2147483647;
			files = (
			);
			runOnlyForDeploymentPostprocessing = 0;
		};
/* End PBXFrameworksBuildPhase section */

/* Begin PBXGroup section */
		565E944624FCFA93005689A6 = {
			isa = PBXGroup;
			children = (
				565E945124FCFA93005689A6 /* tip */,
				565E946824FCFA97005689A6 /* tipTests */,
				565E947324FCFA97005689A6 /* tipUITests */,
				565E945024FCFA93005689A6 /* Products */,
			);
			sourceTree = "<group>";
		};
		565E945024FCFA93005689A6 /* Products */ = {
			isa = PBXGroup;
			children = (
				565E944F24FCFA93005689A6 /* tip.app */,
				565E946524FCFA97005689A6 /* tipTests.xctest */,
				565E947024FCFA97005689A6 /* tipUITests.xctest */,
			);
			name = Products;
			sourceTree = "<group>";
		};
		565E945124FCFA93005689A6 /* tip */ = {
			isa = PBXGroup;
			children = (
				565E945224FCFA93005689A6 /* AppDelegate.swift */,
				565E945424FCFA93005689A6 /* SceneDelegate.swift */,
				565E945624FCFA93005689A6 /* ViewController.swift */,
				565E945824FCFA93005689A6 /* Main.storyboard */,
				565E945B24FCFA97005689A6 /* Assets.xcassets */,
				565E945D24FCFA97005689A6 /* LaunchScreen.storyboard */,
				565E946024FCFA97005689A6 /* Info.plist */,
			);
			path = tip;
			sourceTree = "<group>";
		};
		565E946824FCFA97005689A6 /* tipTests */ = {
			isa = PBXGroup;
			children = (
				565E946924FCFA97005689A6 /* tipTests.swift */,
				565E946B24FCFA97005689A6 /* Info.plist */,
			);
			path = tipTests;
			sourceTree = "<group>";
		};
		565E947324FCFA97005689A6 /* tipUITests */ = {
			isa = PBXGroup;
			children = (
				565E947424FCFA97005689A6 /* tipUITests.swift */,
				565E947624FCFA97005689A6 /* Info.plist */,
			);
			path = tipUITests;
			sourceTree = "<group>";
		};
/* End PBXGroup section */

/* Begin PBXNativeTarget section */
		565E944E24FCFA93005689A6 /* tip */ = {
			isa = PBXNativeTarget;
			buildConfigurationList = 565E947924FCFA97005689A6 /* Build configuration list for PBXNativeTarget "tip" */;
			buildPhases = (
				565E944B24FCFA93005689A6 /* Sources */,
				565E944C24FCFA93005689A6 /* Frameworks */,
				565E944D24FCFA93005689A6 /* Resources */,
			);
			buildRules = (
			);
			dependencies = (
			);
			name = tip;
			productName = tip;
			productReference = 565E944F24FCFA93005689A6 /* tip.app */;
			productType = "com.apple.product-type.application";
		};
		565E946424FCFA97005689A6 /* tipTests */ = {
			isa = PBXNativeTarget;
			buildConfigurationList = 565E947C24FCFA97005689A6 /* Build configuration list for PBXNativeTarget "tipTests" */;
			buildPhases = (
				565E946124FCFA97005689A6 /* Sources */,
				565E946224FCFA97005689A6 /* Frameworks */,
				565E946324FCFA97005689A6 /* Resources */,
			);
			buildRules = (
			);
			dependencies = (
				565E946724FCFA97005689A6 /* PBXTargetDependency */,
			);
			name = tipTests;
			productName = tipTests;
			productReference = 565E946524FCFA97005689A6 /* tipTests.xctest */;
			productType = "com.apple.product-type.bundle.unit-test";
		};
		565E946F24FCFA97005689A6 /* tipUITests */ = {
			isa = PBXNativeTarget;
			buildConfigurationList = 565E947F24FCFA97005689A6 /* Build configuration list for PBXNativeTarget "tipUITests" */;
			buildPhases = (
				565E946C24FCFA97005689A6 /* Sources */,
				565E946D24FCFA97005689A6 /* Frameworks */,
				565E946E24FCFA97005689A6 /* Resources */,
			);
			buildRules = (
			);
			dependencies = (
				565E947224FCFA97005689A6 /* PBXTargetDependency */,
			);
			name = tipUITests;
			productName = tipUITests;
			productReference = 565E947024FCFA97005689A6 /* tipUITests.xctest */;
			productType = "com.apple.product-type.bundle.ui-testing";
		};
/* End PBXNativeTarget section */

/* Begin PBXProject section */
		565E944724FCFA93005689A6 /* Project object */ = {
			isa = PBXProject;
			attributes = {
				LastSwiftUpdateCheck = 1160;
				LastUpgradeCheck = 1160;
				ORGANIZATIONNAME = CodePath;
				TargetAttributes = {
					565E944E24FCFA93005689A6 = {
						CreatedOnToolsVersion = 11.6;
					};
					565E946424FCFA97005689A6 = {
						CreatedOnToolsVersion = 11.6;
						TestTargetID = 565E944E24FCFA93005689A6;
					};
					565E946F24FCFA97005689A6 = {
						CreatedOnToolsVersion = 11.6;
						TestTargetID = 565E944E24FCFA93005689A6;
					};
				};
			};
			buildConfigurationList = 565E944A24FCFA93005689A6 /* Build configuration list for PBXProject "tip" */;
			compatibilityVersion = "Xcode 9.3";
			developmentRegion = en;
			hasScannedForEncodings = 0;
			knownRegions = (
				en,
				Base,
			);
			mainGroup = 565E944624FCFA93005689A6;
			productRefGroup = 565E945024FCFA93005689A6 /* Products */;
			projectDirPath = "";
			projectRoot = "";
			targets = (
				565E944E24FCFA93005689A6 /* tip */,
				565E946424FCFA97005689A6 /* tipTests */,
				565E946F24FCFA97005689A6 /* tipUITests */,
			);
		};
/* End PBXProject section */

/* Begin PBXResourcesBuildPhase section */
		565E944D24FCFA93005689A6 /* Resources */ = {
			isa = PBXResourcesBuildPhase;
			buildActionMask = 2147483647;
			files = (
				565E945F24FCFA97005689A6 /* LaunchScreen.storyboard in Resources */,
				565E945C24FCFA97005689A6 /* Assets.xcassets in Resources */,
				565E945A24FCFA93005689A6 /* Main.storyboard in Resources */,
			);
			runOnlyForDeploymentPostprocessing = 0;
		};
		565E946324FCFA97005689A6 /* Resources */ = {
			isa = PBXResourcesBuildPhase;
			buildActionMask = 2147483647;
			files = (
			);
			runOnlyForDeploymentPostprocessing = 0;
		};
		565E946E24FCFA97005689A6 /* Resources */ = {
			isa = PBXResourcesBuildPhase;
			buildActionMask = 2147483647;
			files = (
			);
			runOnlyForDeploymentPostprocessing = 0;
		};
/* End PBXResourcesBuildPhase section */

/* Begin PBXSourcesBuildPhase section */
		565E944B24FCFA93005689A6 /* Sources */ = {
			isa = PBXSourcesBuildPhase;
			buildActionMask = 2147483647;
			files = (
				565E945724FCFA93005689A6 /* ViewController.swift in Sources */,
				565E945324FCFA93005689A6 /* AppDelegate.swift in Sources */,
				565E945524FCFA93005689A6 /* SceneDelegate.swift in Sources */,
			);
			runOnlyForDeploymentPostprocessing = 0;
		};
		565E946124FCFA97005689A6 /* Sources */ = {
			isa = PBXSourcesBuildPhase;
			buildActionMask = 2147483647;
			files = (
				565E946A24FCFA97005689A6 /* tipTests.swift in Sources */,
			);
			runOnlyForDeploymentPostprocessing = 0;
		};
		565E946C24FCFA97005689A6 /* Sources */ = {
			isa = PBXSourcesBuildPhase;
			buildActionMask = 2147483647;
			files = (
				565E947524FCFA97005689A6 /* tipUITests.swift in Sources */,
			);
			runOnlyForDeploymentPostprocessing = 0;
		};
/* End PBXSourcesBuildPhase section */

/* Begin PBXTargetDependency section */
		565E946724FCFA97005689A6 /* PBXTargetDependency */ = {
			isa = PBXTargetDependency;
			target = 565E944E24FCFA93005689A6 /* tip */;
			targetProxy = 565E946624FCFA97005689A6 /* PBXContainerItemProxy */;
		};
		565E947224FCFA97005689A6 /* PBXTargetDependency */ = {
			isa = PBXTargetDependency;
			target = 565E944E24FCFA93005689A6 /* tip */;
			targetProxy = 565E947124FCFA97005689A6 /* PBXContainerItemProxy */;
		};
/* End PBXTargetDependency section */

/* Begin PBXVariantGroup section */
		565E945824FCFA93005689A6 /* Main.storyboard */ = {
			isa = PBXVariantGroup;
			children = (
				565E945924FCFA93005689A6 /* Base */,
			);
			name = Main.storyboard;
			sourceTree = "<group>";
		};
		565E945D24FCFA97005689A6 /* LaunchScreen.storyboard */ = {
			isa = PBXVariantGroup;
			children = (
				565E945E24FCFA97005689A6 /* Base */,
			);
			name = LaunchScreen.storyboard;
			sourceTree = "<group>";
		};
/* End PBXVariantGroup section */

/* Begin XCBuildConfiguration section */
		565E947724FCFA97005689A6 /* Debug */ = {
			isa = XCBuildConfiguration;
			buildSettings = {
				ALWAYS_SEARCH_USER_PATHS = NO;
				CLANG_ANALYZER_NONNULL = YES;
				CLANG_ANALYZER_NUMBER_OBJECT_CONVERSION = YES_AGGRESSIVE;
				CLANG_CXX_LANGUAGE_STANDARD = "gnu++14";
				CLANG_CXX_LIBRARY = "libc++";
				CLANG_ENABLE_MODULES = YES;
				CLANG_ENABLE_OBJC_ARC = YES;
				CLANG_ENABLE_OBJC_WEAK = YES;
				CLANG_WARN_BLOCK_CAPTURE_AUTORELEASING = YES;
				CLANG_WARN_BOOL_CONVERSION = YES;
				CLANG_WARN_COMMA = YES;
				CLANG_WARN_CONSTANT_CONVERSION = YES;
				CLANG_WARN_DEPRECATED_OBJC_IMPLEMENTATIONS = YES;
				CLANG_WARN_DIRECT_OBJC_ISA_USAGE = YES_ERROR;
				CLANG_WARN_DOCUMENTATION_COMMENTS = YES;
				CLANG_WARN_EMPTY_BODY = YES;
				CLANG_WARN_ENUM_CONVERSION = YES;
				CLANG_WARN_INFINITE_RECURSION = YES;
				CLANG_WARN_INT_CONVERSION = YES;
				CLANG_WARN_NON_LITERAL_NULL_CONVERSION = YES;
				CLANG_WARN_OBJC_IMPLICIT_RETAIN_SELF = YES;
				CLANG_WARN_OBJC_LITERAL_CONVERSION = YES;
				CLANG_WARN_OBJC_ROOT_CLASS = YES_ERROR;
				CLANG_WARN_RANGE_LOOP_ANALYSIS = YES;
				CLANG_WARN_STRICT_PROTOTYPES = YES;
				CLANG_WARN_SUSPICIOUS_MOVE = YES;
				CLANG_WARN_UNGUARDED_AVAILABILITY = YES_AGGRESSIVE;
				CLANG_WARN_UNREACHABLE_CODE = YES;
				CLANG_WARN__DUPLICATE_METHOD_MATCH = YES;
				COPY_PHASE_STRIP = NO;
				DEBUG_INFORMATION_FORMAT = dwarf;
				ENABLE_STRICT_OBJC_MSGSEND = YES;
				ENABLE_TESTABILITY = YES;
				GCC_C_LANGUAGE_STANDARD = gnu11;
				GCC_DYNAMIC_NO_PIC = NO;
				GCC_NO_COMMON_BLOCKS = YES;
				GCC_OPTIMIZATION_LEVEL = 0;
				GCC_PREPROCESSOR_DEFINITIONS = (
					"DEBUG=1",
					"$(inherited)",
				);
				GCC_WARN_64_TO_32_BIT_CONVERSION = YES;
				GCC_WARN_ABOUT_RETURN_TYPE = YES_ERROR;
				GCC_WARN_UNDECLARED_SELECTOR = YES;
				GCC_WARN_UNINITIALIZED_AUTOS = YES_AGGRESSIVE;
				GCC_WARN_UNUSED_FUNCTION = YES;
				GCC_WARN_UNUSED_VARIABLE = YES;
				IPHONEOS_DEPLOYMENT_TARGET = 13.6;
				MTL_ENABLE_DEBUG_INFO = INCLUDE_SOURCE;
				MTL_FAST_MATH = YES;
				ONLY_ACTIVE_ARCH = YES;
				SDKROOT = iphoneos;
				SWIFT_ACTIVE_COMPILATION_CONDITIONS = DEBUG;
				SWIFT_OPTIMIZATION_LEVEL = "-Onone";
			};
			name = Debug;
		};
		565E947824FCFA97005689A6 /* Release */ = {
			isa = XCBuildConfiguration;
			buildSettings = {
				ALWAYS_SEARCH_USER_PATHS = NO;
				CLANG_ANALYZER_NONNULL = YES;
				CLANG_ANALYZER_NUMBER_OBJECT_CONVERSION = YES_AGGRESSIVE;
				CLANG_CXX_LANGUAGE_STANDARD = "gnu++14";
				CLANG_CXX_LIBRARY = "libc++";
				CLANG_ENABLE_MODULES = YES;
				CLANG_ENABLE_OBJC_ARC = YES;
				CLANG_ENABLE_OBJC_WEAK = YES;
				CLANG_WARN_BLOCK_CAPTURE_AUTORELEASING = YES;
				CLANG_WARN_BOOL_CONVERSION = YES;
				CLANG_WARN_COMMA = YES;
				CLANG_WARN_CONSTANT_CONVERSION = YES;
				CLANG_WARN_DEPRECATED_OBJC_IMPLEMENTATIONS = YES;
				CLANG_WARN_DIRECT_OBJC_ISA_USAGE = YES_ERROR;
				CLANG_WARN_DOCUMENTATION_COMMENTS = YES;
				CLANG_WARN_EMPTY_BODY = YES;
				CLANG_WARN_ENUM_CONVERSION = YES;
				CLANG_WARN_INFINITE_RECURSION = YES;
				CLANG_WARN_INT_CONVERSION = YES;
				CLANG_WARN_NON_LITERAL_NULL_CONVERSION = YES;
				CLANG_WARN_OBJC_IMPLICIT_RETAIN_SELF = YES;
				CLANG_WARN_OBJC_LITERAL_CONVERSION = YES;
				CLANG_WARN_OBJC_ROOT_CLASS = YES_ERROR;
				CLANG_WARN_RANGE_LOOP_ANALYSIS = YES;
				CLANG_WARN_STRICT_PROTOTYPES = YES;
				CLANG_WARN_SUSPICIOUS_MOVE = YES;
				CLANG_WARN_UNGUARDED_AVAILABILITY = YES_AGGRESSIVE;
				CLANG_WARN_UNREACHABLE_CODE = YES;
				CLANG_WARN__DUPLICATE_METHOD_MATCH = YES;
				COPY_PHASE_STRIP = NO;
				DEBUG_INFORMATION_FORMAT = "dwarf-with-dsym";
				ENABLE_NS_ASSERTIONS = NO;
				ENABLE_STRICT_OBJC_MSGSEND = YES;
				GCC_C_LANGUAGE_STANDARD = gnu11;
				GCC_NO_COMMON_BLOCKS = YES;
				GCC_WARN_64_TO_32_BIT_CONVERSION = YES;
				GCC_WARN_ABOUT_RETURN_TYPE = YES_ERROR;
				GCC_WARN_UNDECLARED_SELECTOR = YES;
				GCC_WARN_UNINITIALIZED_AUTOS = YES_AGGRESSIVE;
				GCC_WARN_UNUSED_FUNCTION = YES;
				GCC_WARN_UNUSED_VARIABLE = YES;
				IPHONEOS_DEPLOYMENT_TARGET = 13.6;
				MTL_ENABLE_DEBUG_INFO = NO;
				MTL_FAST_MATH = YES;
				SDKROOT = iphoneos;
				SWIFT_COMPILATION_MODE = wholemodule;
				SWIFT_OPTIMIZATION_LEVEL = "-O";
				VALIDATE_PRODUCT = YES;
			};
			name = Release;
		};
		565E947A24FCFA97005689A6 /* Debug */ = {
			isa = XCBuildConfiguration;
			buildSettings = {
				ASSETCATALOG_COMPILER_APPICON_NAME = AppIcon;
				CODE_SIGN_STYLE = Automatic;
				INFOPLIST_FILE = tip/Info.plist;
				LD_RUNPATH_SEARCH_PATHS = (
					"$(inherited)",
					"@executable_path/Frameworks",
				);
				PRODUCT_BUNDLE_IDENTIFIER = CodePath.tip;
				PRODUCT_NAME = "$(TARGET_NAME)";
				SWIFT_VERSION = 5.0;
				TARGETED_DEVICE_FAMILY = "1,2";
			};
			name = Debug;
		};
		565E947B24FCFA97005689A6 /* Release */ = {
			isa = XCBuildConfiguration;
			buildSettings = {
				ASSETCATALOG_COMPILER_APPICON_NAME = AppIcon;
				CODE_SIGN_STYLE = Automatic;
				INFOPLIST_FILE = tip/Info.plist;
				LD_RUNPATH_SEARCH_PATHS = (
					"$(inherited)",
					"@executable_path/Frameworks",
				);
				PRODUCT_BUNDLE_IDENTIFIER = CodePath.tip;
				PRODUCT_NAME = "$(TARGET_NAME)";
				SWIFT_VERSION = 5.0;
				TARGETED_DEVICE_FAMILY = "1,2";
			};
			name = Release;
		};
		565E947D24FCFA97005689A6 /* Debug */ = {
			isa = XCBuildConfiguration;
			buildSettings = {
				ALWAYS_EMBED_SWIFT_STANDARD_LIBRARIES = YES;
				BUNDLE_LOADER = "$(TEST_HOST)";
				CODE_SIGN_STYLE = Automatic;
				INFOPLIST_FILE = tipTests/Info.plist;
				IPHONEOS_DEPLOYMENT_TARGET = 13.6;
				LD_RUNPATH_SEARCH_PATHS = (
					"$(inherited)",
					"@executable_path/Frameworks",
					"@loader_path/Frameworks",
				);
				PRODUCT_BUNDLE_IDENTIFIER = CodePath.tipTests;
				PRODUCT_NAME = "$(TARGET_NAME)";
				SWIFT_VERSION = 5.0;
				TARGETED_DEVICE_FAMILY = "1,2";
				TEST_HOST = "$(BUILT_PRODUCTS_DIR)/tip.app/tip";
			};
			name = Debug;
		};
		565E947E24FCFA97005689A6 /* Release */ = {
			isa = XCBuildConfiguration;
			buildSettings = {
				ALWAYS_EMBED_SWIFT_STANDARD_LIBRARIES = YES;
				BUNDLE_LOADER = "$(TEST_HOST)";
				CODE_SIGN_STYLE = Automatic;
				INFOPLIST_FILE = tipTests/Info.plist;
				IPHONEOS_DEPLOYMENT_TARGET = 13.6;
				LD_RUNPATH_SEARCH_PATHS = (
					"$(inherited)",
					"@executable_path/Frameworks",
					"@loader_path/Frameworks",
				);
				PRODUCT_BUNDLE_IDENTIFIER = CodePath.tipTests;
				PRODUCT_NAME = "$(TARGET_NAME)";
				SWIFT_VERSION = 5.0;
				TARGETED_DEVICE_FAMILY = "1,2";
				TEST_HOST = "$(BUILT_PRODUCTS_DIR)/tip.app/tip";
			};
			name = Release;
		};
		565E948024FCFA97005689A6 /* Debug */ = {
			isa = XCBuildConfiguration;
			buildSettings = {
				ALWAYS_EMBED_SWIFT_STANDARD_LIBRARIES = YES;
				CODE_SIGN_STYLE = Automatic;
				INFOPLIST_FILE = tipUITests/Info.plist;
				LD_RUNPATH_SEARCH_PATHS = (
					"$(inherited)",
					"@executable_path/Frameworks",
					"@loader_path/Frameworks",
				);
				PRODUCT_BUNDLE_IDENTIFIER = CodePath.tipUITests;
				PRODUCT_NAME = "$(TARGET_NAME)";
				SWIFT_VERSION = 5.0;
				TARGETED_DEVICE_FAMILY = "1,2";
				TEST_TARGET_NAME = tip;
			};
			name = Debug;
		};
		565E948124FCFA97005689A6 /* Release */ = {
			isa = XCBuildConfiguration;
			buildSettings = {
				ALWAYS_EMBED_SWIFT_STANDARD_LIBRARIES = YES;
				CODE_SIGN_STYLE = Automatic;
				INFOPLIST_FILE = tipUITests/Info.plist;
				LD_RUNPATH_SEARCH_PATHS = (
					"$(inherited)",
					"@executable_path/Frameworks",
					"@loader_path/Frameworks",
				);
				PRODUCT_BUNDLE_IDENTIFIER = CodePath.tipUITests;
				PRODUCT_NAME = "$(TARGET_NAME)";
				SWIFT_VERSION = 5.0;
				TARGETED_DEVICE_FAMILY = "1,2";
				TEST_TARGET_NAME = tip;
			};
			name = Release;
		};
/* End XCBuildConfiguration section */

/* Begin XCConfigurationList section */
		565E944A24FCFA93005689A6 /* Build configuration list for PBXProject "tip" */ = {
			isa = XCConfigurationList;
			buildConfigurations = (
				565E947724FCFA97005689A6 /* Debug */,
				565E947824FCFA97005689A6 /* Release */,
			);
			defaultConfigurationIsVisible = 0;
			defaultConfigurationName = Release;
		};
		565E947924FCFA97005689A6 /* Build configuration list for PBXNativeTarget "tip" */ = {
			isa = XCConfigurationList;
			buildConfigurations = (
				565E947A24FCFA97005689A6 /* Debug */,
				565E947B24FCFA97005689A6 /* Release */,
			);
			defaultConfigurationIsVisible = 0;
			defaultConfigurationName = Release;
		};
		565E947C24FCFA97005689A6 /* Build configuration list for PBXNativeTarget "tipTests" */ = {
			isa = XCConfigurationList;
			buildConfigurations = (
				565E947D24FCFA97005689A6 /* Debug */,
				565E947E24FCFA97005689A6 /* Release */,
			);
			defaultConfigurationIsVisible = 0;
			defaultConfigurationName = Release;
		};
		565E947F24FCFA97005689A6 /* Build configuration list for PBXNativeTarget "tipUITests" */ = {
			isa = XCConfigurationList;
			buildConfigurations = (
				565E948024FCFA97005689A6 /* Debug */,
				565E948124FCFA97005689A6 /* Release */,
			);
			defaultConfigurationIsVisible = 0;
			defaultConfigurationName = Release;
		};
/* End XCConfigurationList section */
	};
	rootObject = 565E944724FCFA93005689A6 /* Project object */;
}
